
Microsoft Visual Studio Solution File, Format Version 12.00
# Visual Studio Version 17
VisualStudioVersion = 17.1.32328.378
MinimumVisualStudioVersion = 10.0.40219.1
Project("{9A19103F-16F7-4668-BE54-9A1E7A4F7556}") = "OurAuth.Demo.Api.ConsoleClient", "OurAuth.Demo.ConsoleClient\OurAuth.Demo.Api.ConsoleClient.csproj", "{2E23CC65-7055-482B-A4F4-EE45EA1AD2DD}"
EndProject
Global
	GlobalSection(SolutionConfigurationPlatforms) = preSolution
		Debug|Any CPU = Debug|Any CPU
		Release|Any CPU = Release|Any CPU
	EndGlobalSection
	GlobalSection(ProjectConfigurationPlatforms) = postSolution
		{2E23CC65-7055-482B-A4F4-EE45EA1AD2DD}.Debug|Any CPU.ActiveCfg = Debug|Any CPU
		{2E23CC65-7055-482B-A4F4-EE45EA1AD2DD}.Debug|Any CPU.Build.0 = Debug|Any CPU
		{2E23CC65-7055-482B-A4F4-EE45EA1AD2DD}.Release|Any CPU.ActiveCfg = Release|Any CPU
		{2E23CC65-7055-482B-A4F4-EE45EA1AD2DD}.Release|Any CPU.Build.0 = Release|Any CPU
	EndGlobalSection
	GlobalSection(SolutionProperties) = preSolution
		HideSolutionNode = FALSE
	EndGlobalSection
	GlobalSection(ExtensibilityGlobals) = postSolution
		SolutionGuid = {714048AE-CD9D-4E73-8D36-EC83B9A88DA4}
	EndGlobalSection
EndGlobal
